// !$*UTF8*$!
{
	archiveVersion = 1;
	classes = {
	};
	objectVersion = 56;
	objects = {

/* Begin PBXBuildFile section */
		AF144A2F2BB1FCF60005F6E3 /* MatchaTimeApp.swift in Sources */ = {isa = PBXBuildFile; fileRef = AF144A2E2BB1FCF60005F6E3 /* MatchaTimeApp.swift */; };
		AF144A312BB1FCF60005F6E3 /* ContentView.swift in Sources */ = {isa = PBXBuildFile; fileRef = AF144A302BB1FCF60005F6E3 /* ContentView.swift */; };
		AF144A332BB1FCF80005F6E3 /* Assets.xcassets in Resources */ = {isa = PBXBuildFile; fileRef = AF144A322BB1FCF80005F6E3 /* Assets.xcassets */; };
		AF144A362BB1FCF80005F6E3 /* Preview Assets.xcassets in Resources */ = {isa = PBXBuildFile; fileRef = AF144A352BB1FCF80005F6E3 /* Preview Assets.xcassets */; };
		AF68C34F2BCA3F07008F1665 /* FrontView.swift in Sources */ = {isa = PBXBuildFile; fileRef = AF68C34E2BCA3F07008F1665 /* FrontView.swift */; };
		AF68C3512BCA3F10008F1665 /* BackView.swift in Sources */ = {isa = PBXBuildFile; fileRef = AF68C3502BCA3F10008F1665 /* BackView.swift */; };
		AF68C3532BCA4799008F1665 /* DataModel.swift in Sources */ = {isa = PBXBuildFile; fileRef = AF68C3522BCA4799008F1665 /* DataModel.swift */; };
		AF68C3552BCA4A36008F1665 /* ViewModel.swift in Sources */ = {isa = PBXBuildFile; fileRef = AF68C3542BCA4A36008F1665 /* ViewModel.swift */; };
		AF68C3592BCA54E4008F1665 /* MatchCardView.swift in Sources */ = {isa = PBXBuildFile; fileRef = AF68C3582BCA54E4008F1665 /* MatchCardView.swift */; };
		AF68C35D2BCA59D5008F1665 /* CitySearchView.swift in Sources */ = {isa = PBXBuildFile; fileRef = AF68C35C2BCA59D5008F1665 /* CitySearchView.swift */; };
		AF68C35F2BCA5A0E008F1665 /* SearchResultView.swift in Sources */ = {isa = PBXBuildFile; fileRef = AF68C35E2BCA5A0E008F1665 /* SearchResultView.swift */; };
		AF68C3612BCA5BF4008F1665 /* FrontBodyView.swift in Sources */ = {isa = PBXBuildFile; fileRef = AF68C3602BCA5BF4008F1665 /* FrontBodyView.swift */; };
/* End PBXBuildFile section */

/* Begin PBXFileReference section */
		AF144A2B2BB1FCF60005F6E3 /* MatchaTime.app */ = {isa = PBXFileReference; explicitFileType = wrapper.application; includeInIndex = 0; path = MatchaTime.app; sourceTree = BUILT_PRODUCTS_DIR; };
		AF144A2E2BB1FCF60005F6E3 /* MatchaTimeApp.swift */ = {isa = PBXFileReference; lastKnownFileType = sourcecode.swift; path = MatchaTimeApp.swift; sourceTree = "<group>"; };
		AF144A302BB1FCF60005F6E3 /* ContentView.swift */ = {isa = PBXFileReference; lastKnownFileType = sourcecode.swift; path = ContentView.swift; sourceTree = "<group>"; };
		AF144A322BB1FCF80005F6E3 /* Assets.xcassets */ = {isa = PBXFileReference; lastKnownFileType = folder.assetcatalog; path = Assets.xcassets; sourceTree = "<group>"; };
		AF144A352BB1FCF80005F6E3 /* Preview Assets.xcassets */ = {isa = PBXFileReference; lastKnownFileType = folder.assetcatalog; path = "Preview Assets.xcassets"; sourceTree = "<group>"; };
		AF144A372BB1FCF80005F6E3 /* TimezoneFinder.entitlements */ = {isa = PBXFileReference; lastKnownFileType = text.plist.entitlements; path = TimezoneFinder.entitlements; sourceTree = "<group>"; };
		AF68C34E2BCA3F07008F1665 /* FrontView.swift */ = {isa = PBXFileReference; lastKnownFileType = sourcecode.swift; path = FrontView.swift; sourceTree = "<group>"; };
		AF68C3502BCA3F10008F1665 /* BackView.swift */ = {isa = PBXFileReference; lastKnownFileType = sourcecode.swift; path = BackView.swift; sourceTree = "<group>"; };
		AF68C3522BCA4799008F1665 /* DataModel.swift */ = {isa = PBXFileReference; lastKnownFileType = sourcecode.swift; path = DataModel.swift; sourceTree = "<group>"; };
		AF68C3542BCA4A36008F1665 /* ViewModel.swift */ = {isa = PBXFileReference; lastKnownFileType = sourcecode.swift; path = ViewModel.swift; sourceTree = "<group>"; };
		AF68C3582BCA54E4008F1665 /* MatchCardView.swift */ = {isa = PBXFileReference; lastKnownFileType = sourcecode.swift; path = MatchCardView.swift; sourceTree = "<group>"; };
		AF68C35C2BCA59D5008F1665 /* CitySearchView.swift */ = {isa = PBXFileReference; lastKnownFileType = sourcecode.swift; path = CitySearchView.swift; sourceTree = "<group>"; };
		AF68C35E2BCA5A0E008F1665 /* SearchResultView.swift */ = {isa = PBXFileReference; lastKnownFileType = sourcecode.swift; path = SearchResultView.swift; sourceTree = "<group>"; };
		AF68C3602BCA5BF4008F1665 /* FrontBodyView.swift */ = {isa = PBXFileReference; lastKnownFileType = sourcecode.swift; path = FrontBodyView.swift; sourceTree = "<group>"; };
		AF68C3622BCA6656008F1665 /* Info.plist */ = {isa = PBXFileReference; lastKnownFileType = text.plist; path = Info.plist; sourceTree = "<group>"; };
/* End PBXFileReference section */

/* Begin PBXFrameworksBuildPhase section */
		AF144A282BB1FCF60005F6E3 /* Frameworks */ = {
			isa = PBXFrameworksBuildPhase;
			buildActionMask = 2147483647;
			files = (
			);
			runOnlyForDeploymentPostprocessing = 0;
		};
/* End PBXFrameworksBuildPhase section */

/* Begin PBXGroup section */
		AF144A222BB1FCF60005F6E3 = {
			isa = PBXGroup;
			children = (
				AF144A2D2BB1FCF60005F6E3 /* TimezoneFinder */,
				AF144A2C2BB1FCF60005F6E3 /* Products */,
			);
			sourceTree = "<group>";
		};
		AF144A2C2BB1FCF60005F6E3 /* Products */ = {
			isa = PBXGroup;
			children = (
				AF144A2B2BB1FCF60005F6E3 /* MatchaTime.app */,
			);
			name = Products;
			sourceTree = "<group>";
		};
		AF144A2D2BB1FCF60005F6E3 /* TimezoneFinder */ = {
			isa = PBXGroup;
			children = (
				AF68C3622BCA6656008F1665 /* Info.plist */,
				AF144A2E2BB1FCF60005F6E3 /* MatchaTimeApp.swift */,
				AF68C3562BCA5408008F1665 /* Model */,
				AF68C3572BCA5416008F1665 /* View */,
				AF144A322BB1FCF80005F6E3 /* Assets.xcassets */,
				AF144A372BB1FCF80005F6E3 /* TimezoneFinder.entitlements */,
				AF144A342BB1FCF80005F6E3 /* Preview Content */,
			);
			path = TimezoneFinder;
			sourceTree = "<group>";
		};
		AF144A342BB1FCF80005F6E3 /* Preview Content */ = {
			isa = PBXGroup;
			children = (
				AF144A352BB1FCF80005F6E3 /* Preview Assets.xcassets */,
			);
			path = "Preview Content";
			sourceTree = "<group>";
		};
		AF68C3562BCA5408008F1665 /* Model */ = {
			isa = PBXGroup;
			children = (
				AF68C3522BCA4799008F1665 /* DataModel.swift */,
				AF68C3542BCA4A36008F1665 /* ViewModel.swift */,
			);
			path = Model;
			sourceTree = "<group>";
		};
		AF68C3572BCA5416008F1665 /* View */ = {
			isa = PBXGroup;
			children = (
				AF144A302BB1FCF60005F6E3 /* ContentView.swift */,
				AF68C35A2BCA578A008F1665 /* Front */,
				AF68C35B2BCA578F008F1665 /* Back */,
			);
			path = View;
			sourceTree = "<group>";
		};
		AF68C35A2BCA578A008F1665 /* Front */ = {
			isa = PBXGroup;
			children = (
				AF68C34E2BCA3F07008F1665 /* FrontView.swift */,
				AF68C3602BCA5BF4008F1665 /* FrontBodyView.swift */,
				AF68C3582BCA54E4008F1665 /* MatchCardView.swift */,
			);
			path = Front;
			sourceTree = "<group>";
		};
		AF68C35B2BCA578F008F1665 /* Back */ = {
			isa = PBXGroup;
			children = (
				AF68C3502BCA3F10008F1665 /* BackView.swift */,
				AF68C35C2BCA59D5008F1665 /* CitySearchView.swift */,
				AF68C35E2BCA5A0E008F1665 /* SearchResultView.swift */,
			);
			path = Back;
			sourceTree = "<group>";
		};
/* End PBXGroup section */

/* Begin PBXNativeTarget section */
		AF144A2A2BB1FCF60005F6E3 /* MatchaTime */ = {
			isa = PBXNativeTarget;
			buildConfigurationList = AF144A3A2BB1FCF80005F6E3 /* Build configuration list for PBXNativeTarget "MatchaTime" */;
			buildPhases = (
				AF144A272BB1FCF60005F6E3 /* Sources */,
				AF144A282BB1FCF60005F6E3 /* Frameworks */,
				AF144A292BB1FCF60005F6E3 /* Resources */,
			);
			buildRules = (
			);
			dependencies = (
			);
			name = MatchaTime;
			productName = TimezoneFinder;
			productReference = AF144A2B2BB1FCF60005F6E3 /* MatchaTime.app */;
			productType = "com.apple.product-type.application";
		};
/* End PBXNativeTarget section */

/* Begin PBXProject section */
		AF144A232BB1FCF60005F6E3 /* Project object */ = {
			isa = PBXProject;
			attributes = {
				BuildIndependentTargetsInParallel = 1;
				LastSwiftUpdateCheck = 1530;
				LastUpgradeCheck = 1530;
				TargetAttributes = {
					AF144A2A2BB1FCF60005F6E3 = {
						CreatedOnToolsVersion = 15.3;
					};
				};
			};
			buildConfigurationList = AF144A262BB1FCF60005F6E3 /* Build configuration list for PBXProject "Matcha Time" */;
			compatibilityVersion = "Xcode 14.0";
			developmentRegion = en;
			hasScannedForEncodings = 0;
			knownRegions = (
				en,
				Base,
			);
			mainGroup = AF144A222BB1FCF60005F6E3;
			productRefGroup = AF144A2C2BB1FCF60005F6E3 /* Products */;
			projectDirPath = "";
			projectRoot = "";
			targets = (
				AF144A2A2BB1FCF60005F6E3 /* MatchaTime */,
			);
		};
/* End PBXProject section */

/* Begin PBXResourcesBuildPhase section */
		AF144A292BB1FCF60005F6E3 /* Resources */ = {
			isa = PBXResourcesBuildPhase;
			buildActionMask = 2147483647;
			files = (
				AF144A362BB1FCF80005F6E3 /* Preview Assets.xcassets in Resources */,
				AF144A332BB1FCF80005F6E3 /* Assets.xcassets in Resources */,
			);
			runOnlyForDeploymentPostprocessing = 0;
		};
/* End PBXResourcesBuildPhase section */

/* Begin PBXSourcesBuildPhase section */
		AF144A272BB1FCF60005F6E3 /* Sources */ = {
			isa = PBXSourcesBuildPhase;
			buildActionMask = 2147483647;
			files = (
				AF68C3532BCA4799008F1665 /* DataModel.swift in Sources */,
				AF68C35D2BCA59D5008F1665 /* CitySearchView.swift in Sources */,
				AF68C3612BCA5BF4008F1665 /* FrontBodyView.swift in Sources */,
				AF144A312BB1FCF60005F6E3 /* ContentView.swift in Sources */,
				AF68C3592BCA54E4008F1665 /* MatchCardView.swift in Sources */,
				AF68C3512BCA3F10008F1665 /* BackView.swift in Sources */,
				AF68C34F2BCA3F07008F1665 /* FrontView.swift in Sources */,
				AF68C3552BCA4A36008F1665 /* ViewModel.swift in Sources */,
				AF68C35F2BCA5A0E008F1665 /* SearchResultView.swift in Sources */,
				AF144A2F2BB1FCF60005F6E3 /* MatchaTimeApp.swift in Sources */,
			);
			runOnlyForDeploymentPostprocessing = 0;
		};
/* End PBXSourcesBuildPhase section */

/* Begin XCBuildConfiguration section */
		AF144A382BB1FCF80005F6E3 /* Debug */ = {
			isa = XCBuildConfiguration;
			buildSettings = {
				ALWAYS_SEARCH_USER_PATHS = NO;
				ASSETCATALOG_COMPILER_GENERATE_SWIFT_ASSET_SYMBOL_EXTENSIONS = YES;
				CLANG_ANALYZER_NONNULL = YES;
				CLANG_ANALYZER_NUMBER_OBJECT_CONVERSION = YES_AGGRESSIVE;
				CLANG_CXX_LANGUAGE_STANDARD = "gnu++20";
				CLANG_ENABLE_MODULES = YES;
				CLANG_ENABLE_OBJC_ARC = YES;
				CLANG_ENABLE_OBJC_WEAK = YES;
				CLANG_WARN_BLOCK_CAPTURE_AUTORELEASING = YES;
				CLANG_WARN_BOOL_CONVERSION = YES;
				CLANG_WARN_COMMA = YES;
				CLANG_WARN_CONSTANT_CONVERSION = YES;
				CLANG_WARN_DEPRECATED_OBJC_IMPLEMENTATIONS = YES;
				CLANG_WARN_DIRECT_OBJC_ISA_USAGE = YES_ERROR;
				CLANG_WARN_DOCUMENTATION_COMMENTS = YES;
				CLANG_WARN_EMPTY_BODY = YES;
				CLANG_WARN_ENUM_CONVERSION = YES;
				CLANG_WARN_INFINITE_RECURSION = YES;
				CLANG_WARN_INT_CONVERSION = YES;
				CLANG_WARN_NON_LITERAL_NULL_CONVERSION = YES;
				CLANG_WARN_OBJC_IMPLICIT_RETAIN_SELF = YES;
				CLANG_WARN_OBJC_LITERAL_CONVERSION = YES;
				CLANG_WARN_OBJC_ROOT_CLASS = YES_ERROR;
				CLANG_WARN_QUOTED_INCLUDE_IN_FRAMEWORK_HEADER = YES;
				CLANG_WARN_RANGE_LOOP_ANALYSIS = YES;
				CLANG_WARN_STRICT_PROTOTYPES = YES;
				CLANG_WARN_SUSPICIOUS_MOVE = YES;
				CLANG_WARN_UNGUARDED_AVAILABILITY = YES_AGGRESSIVE;
				CLANG_WARN_UNREACHABLE_CODE = YES;
				CLANG_WARN__DUPLICATE_METHOD_MATCH = YES;
				COPY_PHASE_STRIP = NO;
				DEBUG_INFORMATION_FORMAT = dwarf;
				ENABLE_STRICT_OBJC_MSGSEND = YES;
				ENABLE_TESTABILITY = YES;
				ENABLE_USER_SCRIPT_SANDBOXING = YES;
				GCC_C_LANGUAGE_STANDARD = gnu17;
				GCC_DYNAMIC_NO_PIC = NO;
				GCC_NO_COMMON_BLOCKS = YES;
				GCC_OPTIMIZATION_LEVEL = 0;
				GCC_PREPROCESSOR_DEFINITIONS = (
					"DEBUG=1",
					"$(inherited)",
				);
				GCC_WARN_64_TO_32_BIT_CONVERSION = YES;
				GCC_WARN_ABOUT_RETURN_TYPE = YES_ERROR;
				GCC_WARN_UNDECLARED_SELECTOR = YES;
				GCC_WARN_UNINITIALIZED_AUTOS = YES_AGGRESSIVE;
				GCC_WARN_UNUSED_FUNCTION = YES;
				GCC_WARN_UNUSED_VARIABLE = YES;
				LOCALIZATION_PREFERS_STRING_CATALOGS = YES;
				MACOSX_DEPLOYMENT_TARGET = 14.3;
				MTL_ENABLE_DEBUG_INFO = INCLUDE_SOURCE;
				MTL_FAST_MATH = YES;
				ONLY_ACTIVE_ARCH = YES;
				SDKROOT = macosx;
				SWIFT_ACTIVE_COMPILATION_CONDITIONS = "DEBUG $(inherited)";
				SWIFT_OPTIMIZATION_LEVEL = "-Onone";
			};
			name = Debug;
		};
		AF144A392BB1FCF80005F6E3 /* Release */ = {
			isa = XCBuildConfiguration;
			buildSettings = {
				ALWAYS_SEARCH_USER_PATHS = NO;
				ASSETCATALOG_COMPILER_GENERATE_SWIFT_ASSET_SYMBOL_EXTENSIONS = YES;
				CLANG_ANALYZER_NONNULL = YES;
				CLANG_ANALYZER_NUMBER_OBJECT_CONVERSION = YES_AGGRESSIVE;
				CLANG_CXX_LANGUAGE_STANDARD = "gnu++20";
				CLANG_ENABLE_MODULES = YES;
				CLANG_ENABLE_OBJC_ARC = YES;
				CLANG_ENABLE_OBJC_WEAK = YES;
				CLANG_WARN_BLOCK_CAPTURE_AUTORELEASING = YES;
				CLANG_WARN_BOOL_CONVERSION = YES;
				CLANG_WARN_COMMA = YES;
				CLANG_WARN_CONSTANT_CONVERSION = YES;
				CLANG_WARN_DEPRECATED_OBJC_IMPLEMENTATIONS = YES;
				CLANG_WARN_DIRECT_OBJC_ISA_USAGE = YES_ERROR;
				CLANG_WARN_DOCUMENTATION_COMMENTS = YES;
				CLANG_WARN_EMPTY_BODY = YES;
				CLANG_WARN_ENUM_CONVERSION = YES;
				CLANG_WARN_INFINITE_RECURSION = YES;
				CLANG_WARN_INT_CONVERSION = YES;
				CLANG_WARN_NON_LITERAL_NULL_CONVERSION = YES;
				CLANG_WARN_OBJC_IMPLICIT_RETAIN_SELF = YES;
				CLANG_WARN_OBJC_LITERAL_CONVERSION = YES;
				CLANG_WARN_OBJC_ROOT_CLASS = YES_ERROR;
				CLANG_WARN_QUOTED_INCLUDE_IN_FRAMEWORK_HEADER = YES;
				CLANG_WARN_RANGE_LOOP_ANALYSIS = YES;
				CLANG_WARN_STRICT_PROTOTYPES = YES;
				CLANG_WARN_SUSPICIOUS_MOVE = YES;
				CLANG_WARN_UNGUARDED_AVAILABILITY = YES_AGGRESSIVE;
				CLANG_WARN_UNREACHABLE_CODE = YES;
				CLANG_WARN__DUPLICATE_METHOD_MATCH = YES;
				COPY_PHASE_STRIP = NO;
				DEBUG_INFORMATION_FORMAT = "dwarf-with-dsym";
				ENABLE_NS_ASSERTIONS = NO;
				ENABLE_STRICT_OBJC_MSGSEND = YES;
				ENABLE_USER_SCRIPT_SANDBOXING = YES;
				GCC_C_LANGUAGE_STANDARD = gnu17;
				GCC_NO_COMMON_BLOCKS = YES;
				GCC_WARN_64_TO_32_BIT_CONVERSION = YES;
				GCC_WARN_ABOUT_RETURN_TYPE = YES_ERROR;
				GCC_WARN_UNDECLARED_SELECTOR = YES;
				GCC_WARN_UNINITIALIZED_AUTOS = YES_AGGRESSIVE;
				GCC_WARN_UNUSED_FUNCTION = YES;
				GCC_WARN_UNUSED_VARIABLE = YES;
				LOCALIZATION_PREFERS_STRING_CATALOGS = YES;
				MACOSX_DEPLOYMENT_TARGET = 14.3;
				MTL_ENABLE_DEBUG_INFO = NO;
				MTL_FAST_MATH = YES;
				SDKROOT = macosx;
				SWIFT_COMPILATION_MODE = wholemodule;
			};
			name = Release;
		};
		AF144A3B2BB1FCF80005F6E3 /* Debug */ = {
			isa = XCBuildConfiguration;
			buildSettings = {
				ASSETCATALOG_COMPILER_APPICON_NAME = AppIcon;
				ASSETCATALOG_COMPILER_GLOBAL_ACCENT_COLOR_NAME = AccentColor;
				CODE_SIGN_ENTITLEMENTS = TimezoneFinder/TimezoneFinder.entitlements;
				CODE_SIGN_IDENTITY = "Apple Development";
				CODE_SIGN_STYLE = Automatic;
				COMBINE_HIDPI_IMAGES = YES;
				CURRENT_PROJECT_VERSION = 1;
				DEVELOPMENT_ASSET_PATHS = "\"TimezoneFinder/Preview Content\"";
				DEVELOPMENT_TEAM = LD578K3BS7;
				ENABLE_HARDENED_RUNTIME = YES;
				ENABLE_PREVIEWS = YES;
				GENERATE_INFOPLIST_FILE = YES;
				INFOPLIST_FILE = TimezoneFinder/Info.plist;
				INFOPLIST_KEY_LSUIElement = YES;
				INFOPLIST_KEY_NSHumanReadableCopyright = "";
				LD_RUNPATH_SEARCH_PATHS = (
					"$(inherited)",
					"@executable_path/../Frameworks",
				);
				MARKETING_VERSION = 0.3.4;
				PRODUCT_BUNDLE_IDENTIFIER = ryofujimura.MatchaTime;
				PRODUCT_NAME = "$(TARGET_NAME)";
				PROVISIONING_PROFILE_SPECIFIER = "";
				SWIFT_EMIT_LOC_STRINGS = YES;
				SWIFT_VERSION = 5.0;
			};
			name = Debug;
		};
		AF144A3C2BB1FCF80005F6E3 /* Release */ = {
			isa = XCBuildConfiguration;
			buildSettings = {
				ASSETCATALOG_COMPILER_APPICON_NAME = AppIcon;
				ASSETCATALOG_COMPILER_GLOBAL_ACCENT_COLOR_NAME = AccentColor;
				CODE_SIGN_ENTITLEMENTS = TimezoneFinder/TimezoneFinder.entitlements;
				CODE_SIGN_IDENTITY = "Apple Development";
				CODE_SIGN_STYLE = Automatic;
				COMBINE_HIDPI_IMAGES = YES;
				CURRENT_PROJECT_VERSION = 1;
				DEVELOPMENT_ASSET_PATHS = "\"TimezoneFinder/Preview Content\"";
				DEVELOPMENT_TEAM = LD578K3BS7;
				ENABLE_HARDENED_RUNTIME = YES;
				ENABLE_PREVIEWS = YES;
				GENERATE_INFOPLIST_FILE = YES;
				INFOPLIST_FILE = TimezoneFinder/Info.plist;
				INFOPLIST_KEY_LSUIElement = YES;
				INFOPLIST_KEY_NSHumanReadableCopyright = "";
				LD_RUNPATH_SEARCH_PATHS = (
					"$(inherited)",
					"@executable_path/../Frameworks",
				);
				MARKETING_VERSION = 0.3.4;
				PRODUCT_BUNDLE_IDENTIFIER = ryofujimura.MatchaTime;
				PRODUCT_NAME = "$(TARGET_NAME)";
				PROVISIONING_PROFILE_SPECIFIER = "";
				SWIFT_EMIT_LOC_STRINGS = YES;
				SWIFT_VERSION = 5.0;
			};
			name = Release;
		};
/* End XCBuildConfiguration section */

/* Begin XCConfigurationList section */
		AF144A262BB1FCF60005F6E3 /* Build configuration list for PBXProject "Matcha Time" */ = {
			isa = XCConfigurationList;
			buildConfigurations = (
				AF144A382BB1FCF80005F6E3 /* Debug */,
				AF144A392BB1FCF80005F6E3 /* Release */,
			);
			defaultConfigurationIsVisible = 0;
			defaultConfigurationName = Release;
		};
		AF144A3A2BB1FCF80005F6E3 /* Build configuration list for PBXNativeTarget "MatchaTime" */ = {
			isa = XCConfigurationList;
			buildConfigurations = (
				AF144A3B2BB1FCF80005F6E3 /* Debug */,
				AF144A3C2BB1FCF80005F6E3 /* Release */,
			);
			defaultConfigurationIsVisible = 0;
			defaultConfigurationName = Release;
		};
/* End XCConfigurationList section */
	};
	rootObject = AF144A232BB1FCF60005F6E3 /* Project object */;
}
